# This file is automatically @generated by Cargo.
# It is not intended for manual editing.
version = 3

[[package]]
name = "bunny-contract"
version = "0.1.0"

[[package]]
name = "bunny-geom"
version = "0.1.0"
dependencies = [
 "bunny-linalg",
 "bunny-num",
]

[[package]]
name = "bunny-linalg"
version = "0.1.0"
dependencies = [
 "bunny-num",
]

[[package]]
name = "bunny-num"
version = "0.1.0"
